// !$*UTF8*$!
{
	archiveVersion = 1;
	classes = {
	};
	objectVersion = 56;
	objects = {

/* Begin PBXBuildFile section */
		1949777D2B6A0B050033749D /* SongSearchView.swift in Sources */ = {isa = PBXBuildFile; fileRef = 1949777C2B6A0B050033749D /* SongSearchView.swift */; };
		194977802B6A13BB0033749D /* SearchBar.swift in Sources */ = {isa = PBXBuildFile; fileRef = 1949777F2B6A13BB0033749D /* SearchBar.swift */; };
		194977822B6A13EB0033749D /* TrackRow.swift in Sources */ = {isa = PBXBuildFile; fileRef = 194977812B6A13EB0033749D /* TrackRow.swift */; };
		194977842B6A1F5C0033749D /* TrackList.swift in Sources */ = {isa = PBXBuildFile; fileRef = 194977832B6A1F5C0033749D /* TrackList.swift */; };
		194977892B6A2C350033749D /* String+FontName.swift in Sources */ = {isa = PBXBuildFile; fileRef = 194977882B6A2C350033749D /* String+FontName.swift */; };
		1949778D2B6A321E0033749D /* Montserrat-SemiBold.ttf in Resources */ = {isa = PBXBuildFile; fileRef = 1949778C2B6A321E0033749D /* Montserrat-SemiBold.ttf */; };
		194977932B6A46770033749D /* Montserrat-Medium.ttf in Resources */ = {isa = PBXBuildFile; fileRef = 194977922B6A46770033749D /* Montserrat-Medium.ttf */; };
		194977952B6A48460033749D /* Image+init.swift in Sources */ = {isa = PBXBuildFile; fileRef = 194977942B6A48460033749D /* Image+init.swift */; };
		194977972B6A4BFD0033749D /* String+SystemImageName.swift in Sources */ = {isa = PBXBuildFile; fileRef = 194977962B6A4BFD0033749D /* String+SystemImageName.swift */; };
		194977992B6A4E650033749D /* DummyData.swift in Sources */ = {isa = PBXBuildFile; fileRef = 194977982B6A4E650033749D /* DummyData.swift */; };
		1949779B2B6A76070033749D /* LinearGradient+background.swift in Sources */ = {isa = PBXBuildFile; fileRef = 1949779A2B6A76070033749D /* LinearGradient+background.swift */; };
		194977A12B6A7CE50033749D /* PlayerView.swift in Sources */ = {isa = PBXBuildFile; fileRef = 194977A02B6A7CE50033749D /* PlayerView.swift */; };
		195182AB2B70B400008D204C /* PlayerViewModel.swift in Sources */ = {isa = PBXBuildFile; fileRef = 195182AA2B70B400008D204C /* PlayerViewModel.swift */; };
		195182AD2B70C546008D204C /* Song.swift in Sources */ = {isa = PBXBuildFile; fileRef = 195182AC2B70C546008D204C /* Song.swift */; };
		19B52AB82B68A57A001E58EF /* MusicPlayerApp.swift in Sources */ = {isa = PBXBuildFile; fileRef = 19B52AB72B68A57A001E58EF /* MusicPlayerApp.swift */; };
		19B52ABC2B68A57B001E58EF /* Assets.xcassets in Resources */ = {isa = PBXBuildFile; fileRef = 19B52ABB2B68A57B001E58EF /* Assets.xcassets */; };
		19B52ABF2B68A57B001E58EF /* Preview Assets.xcassets in Resources */ = {isa = PBXBuildFile; fileRef = 19B52ABE2B68A57B001E58EF /* Preview Assets.xcassets */; };
		19BF659B2B6C94C000C82F4E /* ImageCarouselView.swift in Sources */ = {isa = PBXBuildFile; fileRef = 19BF659A2B6C94C000C82F4E /* ImageCarouselView.swift */; };
		19BF659E2B6C94ED00C82F4E /* DragState.swift in Sources */ = {isa = PBXBuildFile; fileRef = 19BF659D2B6C94ED00C82F4E /* DragState.swift */; };
		19BF65A02B6CD8F000C82F4E /* URL+Identifiable.swift in Sources */ = {isa = PBXBuildFile; fileRef = 19BF659F2B6CD8F000C82F4E /* URL+Identifiable.swift */; };
		19BF65A32B6CDA5000C82F4E /* PlayerButtonsView.swift in Sources */ = {isa = PBXBuildFile; fileRef = 19BF65A22B6CDA5000C82F4E /* PlayerButtonsView.swift */; };
		19BF65A52B6CE19400C82F4E /* Coordinator.swift in Sources */ = {isa = PBXBuildFile; fileRef = 19BF65A42B6CE19400C82F4E /* Coordinator.swift */; };
		19BF65A72B6CE1AA00C82F4E /* Page.swift in Sources */ = {isa = PBXBuildFile; fileRef = 19BF65A62B6CE1AA00C82F4E /* Page.swift */; };
		19BF65AB2B6CE29000C82F4E /* CoordinatorRootView.swift in Sources */ = {isa = PBXBuildFile; fileRef = 19BF65AA2B6CE29000C82F4E /* CoordinatorRootView.swift */; };
		19BFC5382B6D05FD009FFC37 /* SongSearchViewModel.swift in Sources */ = {isa = PBXBuildFile; fileRef = 19BFC5372B6D05FD009FFC37 /* SongSearchViewModel.swift */; };
		19BFC53C2B6D0849009FFC37 /* SongSearchItemViewModel.swift in Sources */ = {isa = PBXBuildFile; fileRef = 19BFC53B2B6D0849009FFC37 /* SongSearchItemViewModel.swift */; };
		19BFC53E2B6D0CED009FFC37 /* SongsResponseDTO.swift in Sources */ = {isa = PBXBuildFile; fileRef = 19BFC53D2B6D0CED009FFC37 /* SongsResponseDTO.swift */; };
/* End PBXBuildFile section */

/* Begin PBXFileReference section */
		1949777C2B6A0B050033749D /* SongSearchView.swift */ = {isa = PBXFileReference; lastKnownFileType = sourcecode.swift; path = SongSearchView.swift; sourceTree = "<group>"; };
		1949777F2B6A13BB0033749D /* SearchBar.swift */ = {isa = PBXFileReference; lastKnownFileType = sourcecode.swift; path = SearchBar.swift; sourceTree = "<group>"; };
		194977812B6A13EB0033749D /* TrackRow.swift */ = {isa = PBXFileReference; lastKnownFileType = sourcecode.swift; path = TrackRow.swift; sourceTree = "<group>"; };
		194977832B6A1F5C0033749D /* TrackList.swift */ = {isa = PBXFileReference; lastKnownFileType = sourcecode.swift; path = TrackList.swift; sourceTree = "<group>"; };
		194977872B6A266B0033749D /* Info.plist */ = {isa = PBXFileReference; lastKnownFileType = text.plist.xml; name = Info.plist; path = MusicPlayer/Resources/Info.plist; sourceTree = SOURCE_ROOT; };
		194977882B6A2C350033749D /* String+FontName.swift */ = {isa = PBXFileReference; lastKnownFileType = sourcecode.swift; path = "String+FontName.swift"; sourceTree = "<group>"; };
		1949778C2B6A321E0033749D /* Montserrat-SemiBold.ttf */ = {isa = PBXFileReference; lastKnownFileType = file; path = "Montserrat-SemiBold.ttf"; sourceTree = "<group>"; };
		194977922B6A46770033749D /* Montserrat-Medium.ttf */ = {isa = PBXFileReference; lastKnownFileType = file; path = "Montserrat-Medium.ttf"; sourceTree = "<group>"; };
		194977942B6A48460033749D /* Image+init.swift */ = {isa = PBXFileReference; lastKnownFileType = sourcecode.swift; path = "Image+init.swift"; sourceTree = "<group>"; };
		194977962B6A4BFD0033749D /* String+SystemImageName.swift */ = {isa = PBXFileReference; lastKnownFileType = sourcecode.swift; path = "String+SystemImageName.swift"; sourceTree = "<group>"; };
		194977982B6A4E650033749D /* DummyData.swift */ = {isa = PBXFileReference; lastKnownFileType = sourcecode.swift; path = DummyData.swift; sourceTree = "<group>"; };
		1949779A2B6A76070033749D /* LinearGradient+background.swift */ = {isa = PBXFileReference; lastKnownFileType = sourcecode.swift; path = "LinearGradient+background.swift"; sourceTree = "<group>"; };
		194977A02B6A7CE50033749D /* PlayerView.swift */ = {isa = PBXFileReference; fileEncoding = 4; lastKnownFileType = sourcecode.swift; path = PlayerView.swift; sourceTree = "<group>"; };
		195182AA2B70B400008D204C /* PlayerViewModel.swift */ = {isa = PBXFileReference; lastKnownFileType = sourcecode.swift; path = PlayerViewModel.swift; sourceTree = "<group>"; };
		195182AC2B70C546008D204C /* Song.swift */ = {isa = PBXFileReference; lastKnownFileType = sourcecode.swift; path = Song.swift; sourceTree = "<group>"; };
		19B52AB42B68A57A001E58EF /* MusicPlayer.app */ = {isa = PBXFileReference; explicitFileType = wrapper.application; includeInIndex = 0; path = MusicPlayer.app; sourceTree = BUILT_PRODUCTS_DIR; };
		19B52AB72B68A57A001E58EF /* MusicPlayerApp.swift */ = {isa = PBXFileReference; lastKnownFileType = sourcecode.swift; path = MusicPlayerApp.swift; sourceTree = "<group>"; };
		19B52ABB2B68A57B001E58EF /* Assets.xcassets */ = {isa = PBXFileReference; lastKnownFileType = folder.assetcatalog; path = Assets.xcassets; sourceTree = "<group>"; };
		19B52ABE2B68A57B001E58EF /* Preview Assets.xcassets */ = {isa = PBXFileReference; lastKnownFileType = folder.assetcatalog; path = "Preview Assets.xcassets"; sourceTree = "<group>"; };
		19BF659A2B6C94C000C82F4E /* ImageCarouselView.swift */ = {isa = PBXFileReference; lastKnownFileType = sourcecode.swift; path = ImageCarouselView.swift; sourceTree = "<group>"; };
		19BF659D2B6C94ED00C82F4E /* DragState.swift */ = {isa = PBXFileReference; lastKnownFileType = sourcecode.swift; path = DragState.swift; sourceTree = "<group>"; };
		19BF659F2B6CD8F000C82F4E /* URL+Identifiable.swift */ = {isa = PBXFileReference; lastKnownFileType = sourcecode.swift; path = "URL+Identifiable.swift"; sourceTree = "<group>"; };
		19BF65A22B6CDA5000C82F4E /* PlayerButtonsView.swift */ = {isa = PBXFileReference; lastKnownFileType = sourcecode.swift; path = PlayerButtonsView.swift; sourceTree = "<group>"; };
		19BF65A42B6CE19400C82F4E /* Coordinator.swift */ = {isa = PBXFileReference; lastKnownFileType = sourcecode.swift; path = Coordinator.swift; sourceTree = "<group>"; };
		19BF65A62B6CE1AA00C82F4E /* Page.swift */ = {isa = PBXFileReference; lastKnownFileType = sourcecode.swift; path = Page.swift; sourceTree = "<group>"; };
		19BF65AA2B6CE29000C82F4E /* CoordinatorRootView.swift */ = {isa = PBXFileReference; lastKnownFileType = sourcecode.swift; path = CoordinatorRootView.swift; sourceTree = "<group>"; };
		19BFC5372B6D05FD009FFC37 /* SongSearchViewModel.swift */ = {isa = PBXFileReference; lastKnownFileType = sourcecode.swift; path = SongSearchViewModel.swift; sourceTree = "<group>"; };
		19BFC53B2B6D0849009FFC37 /* SongSearchItemViewModel.swift */ = {isa = PBXFileReference; lastKnownFileType = sourcecode.swift; path = SongSearchItemViewModel.swift; sourceTree = "<group>"; };
		19BFC53D2B6D0CED009FFC37 /* SongsResponseDTO.swift */ = {isa = PBXFileReference; lastKnownFileType = sourcecode.swift; path = SongsResponseDTO.swift; sourceTree = "<group>"; };
/* End PBXFileReference section */

/* Begin PBXFrameworksBuildPhase section */
		19B52AB12B68A57A001E58EF /* Frameworks */ = {
			isa = PBXFrameworksBuildPhase;
			buildActionMask = 2147483647;
			files = (
			);
			runOnlyForDeploymentPostprocessing = 0;
		};
/* End PBXFrameworksBuildPhase section */

/* Begin PBXGroup section */
		1949777E2B6A0B0F0033749D /* Presentation */ = {
			isa = PBXGroup;
			children = (
				195182A92B70B3F3008D204C /* Player */,
				19BFC53A2B6D0678009FFC37 /* SongSearch */,
			);
			path = Presentation;
			sourceTree = "<group>";
		};
		1949778A2B6A2C3C0033749D /* Extension */ = {
			isa = PBXGroup;
			children = (
				194977882B6A2C350033749D /* String+FontName.swift */,
				19BF659F2B6CD8F000C82F4E /* URL+Identifiable.swift */,
				1949779A2B6A76070033749D /* LinearGradient+background.swift */,
				194977962B6A4BFD0033749D /* String+SystemImageName.swift */,
				194977942B6A48460033749D /* Image+init.swift */,
			);
			path = Extension;
			sourceTree = "<group>";
		};
		1949778B2B6A2C420033749D /* Support */ = {
			isa = PBXGroup;
			children = (
				1949778A2B6A2C3C0033749D /* Extension */,
				194977982B6A4E650033749D /* DummyData.swift */,
			);
			path = Support;
			sourceTree = "<group>";
		};
		1949779C2B6A7C320033749D /* SongSearchView */ = {
			isa = PBXGroup;
			children = (
				1949777C2B6A0B050033749D /* SongSearchView.swift */,
				1949779D2B6A7C490033749D /* Subview */,
			);
			path = SongSearchView;
			sourceTree = "<group>";
		};
		1949779D2B6A7C490033749D /* Subview */ = {
			isa = PBXGroup;
			children = (
				194977812B6A13EB0033749D /* TrackRow.swift */,
				1949777F2B6A13BB0033749D /* SearchBar.swift */,
				194977832B6A1F5C0033749D /* TrackList.swift */,
			);
			path = Subview;
			sourceTree = "<group>";
		};
		194977A22B6A7CE90033749D /* PlayerView */ = {
			isa = PBXGroup;
			children = (
				194977A02B6A7CE50033749D /* PlayerView.swift */,
				19BF65A12B6CDA3600C82F4E /* Subview */,
			);
			path = PlayerView;
			sourceTree = "<group>";
		};
		195182A92B70B3F3008D204C /* Player */ = {
			isa = PBXGroup;
			children = (
				194977A22B6A7CE90033749D /* PlayerView */,
				195182AA2B70B400008D204C /* PlayerViewModel.swift */,
			);
			path = Player;
			sourceTree = "<group>";
		};
		195182AE2B70C54C008D204C /* Domain */ = {
			isa = PBXGroup;
			children = (
				195182AC2B70C546008D204C /* Song.swift */,
			);
			name = Domain;
			sourceTree = "<group>";
		};
		19B52AAB2B68A57A001E58EF = {
			isa = PBXGroup;
			children = (
				19B52AB62B68A57A001E58EF /* MusicPlayer */,
				19B52AB52B68A57A001E58EF /* Products */,
			);
			sourceTree = "<group>";
		};
		19B52AB52B68A57A001E58EF /* Products */ = {
			isa = PBXGroup;
			children = (
				19B52AB42B68A57A001E58EF /* MusicPlayer.app */,
			);
			name = Products;
			sourceTree = "<group>";
		};
		19B52AB62B68A57A001E58EF /* MusicPlayer */ = {
			isa = PBXGroup;
			children = (
				19B52AC52B68A5AB001E58EF /* Application */,
				19BF65A82B6CE23000C82F4E /* Navigation */,
				1949777E2B6A0B0F0033749D /* Presentation */,
				19BFC53F2B6D0CF9009FFC37 /* Data */,
				195182AE2B70C54C008D204C /* Domain */,
				1949778B2B6A2C420033749D /* Support */,
				19B52AC62B68A5D1001E58EF /* Resources */,
				19B52ABD2B68A57B001E58EF /* Preview Content */,
			);
			path = MusicPlayer;
			sourceTree = "<group>";
		};
		19B52ABD2B68A57B001E58EF /* Preview Content */ = {
			isa = PBXGroup;
			children = (
				19B52ABE2B68A57B001E58EF /* Preview Assets.xcassets */,
			);
			path = "Preview Content";
			sourceTree = "<group>";
		};
		19B52AC52B68A5AB001E58EF /* Application */ = {
			isa = PBXGroup;
			children = (
				19B52AB72B68A57A001E58EF /* MusicPlayerApp.swift */,
				19BF65AA2B6CE29000C82F4E /* CoordinatorRootView.swift */,
			);
			path = Application;
			sourceTree = "<group>";
		};
		19B52AC62B68A5D1001E58EF /* Resources */ = {
			isa = PBXGroup;
			children = (
				194977872B6A266B0033749D /* Info.plist */,
				194977922B6A46770033749D /* Montserrat-Medium.ttf */,
				1949778C2B6A321E0033749D /* Montserrat-SemiBold.ttf */,
				19B52ABB2B68A57B001E58EF /* Assets.xcassets */,
			);
			path = Resources;
			sourceTree = "<group>";
		};
		19BF659C2B6C94D900C82F4E /* ImageCarouselView */ = {
			isa = PBXGroup;
			children = (
				19BF659A2B6C94C000C82F4E /* ImageCarouselView.swift */,
				19BF659D2B6C94ED00C82F4E /* DragState.swift */,
			);
			path = ImageCarouselView;
			sourceTree = "<group>";
		};
		19BF65A12B6CDA3600C82F4E /* Subview */ = {
			isa = PBXGroup;
			children = (
				19BF65A22B6CDA5000C82F4E /* PlayerButtonsView.swift */,
				19BF659C2B6C94D900C82F4E /* ImageCarouselView */,
			);
			path = Subview;
			sourceTree = "<group>";
		};
		19BF65A82B6CE23000C82F4E /* Navigation */ = {
			isa = PBXGroup;
			children = (
				19BF65A42B6CE19400C82F4E /* Coordinator.swift */,
				19BF65A92B6CE24B00C82F4E /* Destination */,
			);
			path = Navigation;
			sourceTree = "<group>";
		};
		19BF65A92B6CE24B00C82F4E /* Destination */ = {
			isa = PBXGroup;
			children = (
				19BF65A62B6CE1AA00C82F4E /* Page.swift */,
			);
			path = Destination;
			sourceTree = "<group>";
		};
		19BFC5392B6D065F009FFC37 /* SongSearchViewModel */ = {
			isa = PBXGroup;
			children = (
				19BFC5372B6D05FD009FFC37 /* SongSearchViewModel.swift */,
				19BFC53B2B6D0849009FFC37 /* SongSearchItemViewModel.swift */,
			);
			path = SongSearchViewModel;
			sourceTree = "<group>";
		};
		19BFC53A2B6D0678009FFC37 /* SongSearch */ = {
			isa = PBXGroup;
			children = (
				19BFC5392B6D065F009FFC37 /* SongSearchViewModel */,
				1949779C2B6A7C320033749D /* SongSearchView */,
			);
			path = SongSearch;
			sourceTree = "<group>";
		};
		19BFC53F2B6D0CF9009FFC37 /* Data */ = {
			isa = PBXGroup;
			children = (
				19BFC5402B6D0D16009FFC37 /* DataModel */,
			);
			path = Data;
			sourceTree = "<group>";
		};
		19BFC5402B6D0D16009FFC37 /* DataModel */ = {
			isa = PBXGroup;
			children = (
				19BFC53D2B6D0CED009FFC37 /* SongsResponseDTO.swift */,
			);
			path = DataModel;
			sourceTree = "<group>";
		};
/* End PBXGroup section */

/* Begin PBXNativeTarget section */
		19B52AB32B68A57A001E58EF /* MusicPlayer */ = {
			isa = PBXNativeTarget;
			buildConfigurationList = 19B52AC22B68A57B001E58EF /* Build configuration list for PBXNativeTarget "MusicPlayer" */;
			buildPhases = (
				19B52AB02B68A57A001E58EF /* Sources */,
				19B52AB12B68A57A001E58EF /* Frameworks */,
				19B52AB22B68A57A001E58EF /* Resources */,
			);
			buildRules = (
			);
			dependencies = (
			);
			name = MusicPlayer;
			productName = MusicPlayer;
			productReference = 19B52AB42B68A57A001E58EF /* MusicPlayer.app */;
			productType = "com.apple.product-type.application";
		};
/* End PBXNativeTarget section */

/* Begin PBXProject section */
		19B52AAC2B68A57A001E58EF /* Project object */ = {
			isa = PBXProject;
			attributes = {
				BuildIndependentTargetsInParallel = 1;
				LastSwiftUpdateCheck = 1500;
				LastUpgradeCheck = 1500;
				TargetAttributes = {
					19B52AB32B68A57A001E58EF = {
						CreatedOnToolsVersion = 15.0.1;
					};
				};
			};
			buildConfigurationList = 19B52AAF2B68A57A001E58EF /* Build configuration list for PBXProject "MusicPlayer" */;
			compatibilityVersion = "Xcode 14.0";
			developmentRegion = en;
			hasScannedForEncodings = 0;
			knownRegions = (
				en,
				Base,
			);
			mainGroup = 19B52AAB2B68A57A001E58EF;
			productRefGroup = 19B52AB52B68A57A001E58EF /* Products */;
			projectDirPath = "";
			projectRoot = "";
			targets = (
				19B52AB32B68A57A001E58EF /* MusicPlayer */,
			);
		};
/* End PBXProject section */

/* Begin PBXResourcesBuildPhase section */
		19B52AB22B68A57A001E58EF /* Resources */ = {
			isa = PBXResourcesBuildPhase;
			buildActionMask = 2147483647;
			files = (
				1949778D2B6A321E0033749D /* Montserrat-SemiBold.ttf in Resources */,
				19B52ABF2B68A57B001E58EF /* Preview Assets.xcassets in Resources */,
				194977932B6A46770033749D /* Montserrat-Medium.ttf in Resources */,
				19B52ABC2B68A57B001E58EF /* Assets.xcassets in Resources */,
			);
			runOnlyForDeploymentPostprocessing = 0;
		};
/* End PBXResourcesBuildPhase section */

/* Begin PBXSourcesBuildPhase section */
		19B52AB02B68A57A001E58EF /* Sources */ = {
			isa = PBXSourcesBuildPhase;
			buildActionMask = 2147483647;
			files = (
				19BF65A52B6CE19400C82F4E /* Coordinator.swift in Sources */,
				194977842B6A1F5C0033749D /* TrackList.swift in Sources */,
				194977972B6A4BFD0033749D /* String+SystemImageName.swift in Sources */,
				1949777D2B6A0B050033749D /* SongSearchView.swift in Sources */,
				194977A12B6A7CE50033749D /* PlayerView.swift in Sources */,
				19BF65A72B6CE1AA00C82F4E /* Page.swift in Sources */,
				19B52AB82B68A57A001E58EF /* MusicPlayerApp.swift in Sources */,
				194977822B6A13EB0033749D /* TrackRow.swift in Sources */,
				19BFC53C2B6D0849009FFC37 /* SongSearchItemViewModel.swift in Sources */,
				19BF65A32B6CDA5000C82F4E /* PlayerButtonsView.swift in Sources */,
				195182AD2B70C546008D204C /* Song.swift in Sources */,
				19BF659E2B6C94ED00C82F4E /* DragState.swift in Sources */,
				194977952B6A48460033749D /* Image+init.swift in Sources */,
				19BFC5382B6D05FD009FFC37 /* SongSearchViewModel.swift in Sources */,
				19BF65AB2B6CE29000C82F4E /* CoordinatorRootView.swift in Sources */,
				19BFC53E2B6D0CED009FFC37 /* SongsResponseDTO.swift in Sources */,
				194977892B6A2C350033749D /* String+FontName.swift in Sources */,
				195182AB2B70B400008D204C /* PlayerViewModel.swift in Sources */,
				194977992B6A4E650033749D /* DummyData.swift in Sources */,
				1949779B2B6A76070033749D /* LinearGradient+background.swift in Sources */,
				19BF65A02B6CD8F000C82F4E /* URL+Identifiable.swift in Sources */,
				19BF659B2B6C94C000C82F4E /* ImageCarouselView.swift in Sources */,
				194977802B6A13BB0033749D /* SearchBar.swift in Sources */,
			);
			runOnlyForDeploymentPostprocessing = 0;
		};
/* End PBXSourcesBuildPhase section */

/* Begin XCBuildConfiguration section */
		19B52AC02B68A57B001E58EF /* Debug */ = {
			isa = XCBuildConfiguration;
			buildSettings = {
				ALWAYS_SEARCH_USER_PATHS = NO;
				ASSETCATALOG_COMPILER_GENERATE_SWIFT_ASSET_SYMBOL_EXTENSIONS = YES;
				CLANG_ANALYZER_NONNULL = YES;
				CLANG_ANALYZER_NUMBER_OBJECT_CONVERSION = YES_AGGRESSIVE;
				CLANG_CXX_LANGUAGE_STANDARD = "gnu++20";
				CLANG_ENABLE_MODULES = YES;
				CLANG_ENABLE_OBJC_ARC = YES;
				CLANG_ENABLE_OBJC_WEAK = YES;
				CLANG_WARN_BLOCK_CAPTURE_AUTORELEASING = YES;
				CLANG_WARN_BOOL_CONVERSION = YES;
				CLANG_WARN_COMMA = YES;
				CLANG_WARN_CONSTANT_CONVERSION = YES;
				CLANG_WARN_DEPRECATED_OBJC_IMPLEMENTATIONS = YES;
				CLANG_WARN_DIRECT_OBJC_ISA_USAGE = YES_ERROR;
				CLANG_WARN_DOCUMENTATION_COMMENTS = YES;
				CLANG_WARN_EMPTY_BODY = YES;
				CLANG_WARN_ENUM_CONVERSION = YES;
				CLANG_WARN_INFINITE_RECURSION = YES;
				CLANG_WARN_INT_CONVERSION = YES;
				CLANG_WARN_NON_LITERAL_NULL_CONVERSION = YES;
				CLANG_WARN_OBJC_IMPLICIT_RETAIN_SELF = YES;
				CLANG_WARN_OBJC_LITERAL_CONVERSION = YES;
				CLANG_WARN_OBJC_ROOT_CLASS = YES_ERROR;
				CLANG_WARN_QUOTED_INCLUDE_IN_FRAMEWORK_HEADER = YES;
				CLANG_WARN_RANGE_LOOP_ANALYSIS = YES;
				CLANG_WARN_STRICT_PROTOTYPES = YES;
				CLANG_WARN_SUSPICIOUS_MOVE = YES;
				CLANG_WARN_UNGUARDED_AVAILABILITY = YES_AGGRESSIVE;
				CLANG_WARN_UNREACHABLE_CODE = YES;
				CLANG_WARN__DUPLICATE_METHOD_MATCH = YES;
				COPY_PHASE_STRIP = NO;
				DEBUG_INFORMATION_FORMAT = dwarf;
				ENABLE_STRICT_OBJC_MSGSEND = YES;
				ENABLE_TESTABILITY = YES;
				ENABLE_USER_SCRIPT_SANDBOXING = YES;
				GCC_C_LANGUAGE_STANDARD = gnu17;
				GCC_DYNAMIC_NO_PIC = NO;
				GCC_NO_COMMON_BLOCKS = YES;
				GCC_OPTIMIZATION_LEVEL = 0;
				GCC_PREPROCESSOR_DEFINITIONS = (
					"DEBUG=1",
					"$(inherited)",
				);
				GCC_WARN_64_TO_32_BIT_CONVERSION = YES;
				GCC_WARN_ABOUT_RETURN_TYPE = YES_ERROR;
				GCC_WARN_UNDECLARED_SELECTOR = YES;
				GCC_WARN_UNINITIALIZED_AUTOS = YES_AGGRESSIVE;
				GCC_WARN_UNUSED_FUNCTION = YES;
				GCC_WARN_UNUSED_VARIABLE = YES;
				IPHONEOS_DEPLOYMENT_TARGET = 16.0;
				LOCALIZATION_PREFERS_STRING_CATALOGS = YES;
				MTL_ENABLE_DEBUG_INFO = INCLUDE_SOURCE;
				MTL_FAST_MATH = YES;
				ONLY_ACTIVE_ARCH = YES;
				SDKROOT = iphoneos;
				SWIFT_ACTIVE_COMPILATION_CONDITIONS = "DEBUG $(inherited)";
				SWIFT_OPTIMIZATION_LEVEL = "-Onone";
			};
			name = Debug;
		};
		19B52AC12B68A57B001E58EF /* Release */ = {
			isa = XCBuildConfiguration;
			buildSettings = {
				ALWAYS_SEARCH_USER_PATHS = NO;
				ASSETCATALOG_COMPILER_GENERATE_SWIFT_ASSET_SYMBOL_EXTENSIONS = YES;
				CLANG_ANALYZER_NONNULL = YES;
				CLANG_ANALYZER_NUMBER_OBJECT_CONVERSION = YES_AGGRESSIVE;
				CLANG_CXX_LANGUAGE_STANDARD = "gnu++20";
				CLANG_ENABLE_MODULES = YES;
				CLANG_ENABLE_OBJC_ARC = YES;
				CLANG_ENABLE_OBJC_WEAK = YES;
				CLANG_WARN_BLOCK_CAPTURE_AUTORELEASING = YES;
				CLANG_WARN_BOOL_CONVERSION = YES;
				CLANG_WARN_COMMA = YES;
				CLANG_WARN_CONSTANT_CONVERSION = YES;
				CLANG_WARN_DEPRECATED_OBJC_IMPLEMENTATIONS = YES;
				CLANG_WARN_DIRECT_OBJC_ISA_USAGE = YES_ERROR;
				CLANG_WARN_DOCUMENTATION_COMMENTS = YES;
				CLANG_WARN_EMPTY_BODY = YES;
				CLANG_WARN_ENUM_CONVERSION = YES;
				CLANG_WARN_INFINITE_RECURSION = YES;
				CLANG_WARN_INT_CONVERSION = YES;
				CLANG_WARN_NON_LITERAL_NULL_CONVERSION = YES;
				CLANG_WARN_OBJC_IMPLICIT_RETAIN_SELF = YES;
				CLANG_WARN_OBJC_LITERAL_CONVERSION = YES;
				CLANG_WARN_OBJC_ROOT_CLASS = YES_ERROR;
				CLANG_WARN_QUOTED_INCLUDE_IN_FRAMEWORK_HEADER = YES;
				CLANG_WARN_RANGE_LOOP_ANALYSIS = YES;
				CLANG_WARN_STRICT_PROTOTYPES = YES;
				CLANG_WARN_SUSPICIOUS_MOVE = YES;
				CLANG_WARN_UNGUARDED_AVAILABILITY = YES_AGGRESSIVE;
				CLANG_WARN_UNREACHABLE_CODE = YES;
				CLANG_WARN__DUPLICATE_METHOD_MATCH = YES;
				COPY_PHASE_STRIP = NO;
				DEBUG_INFORMATION_FORMAT = "dwarf-with-dsym";
				ENABLE_NS_ASSERTIONS = NO;
				ENABLE_STRICT_OBJC_MSGSEND = YES;
				ENABLE_USER_SCRIPT_SANDBOXING = YES;
				GCC_C_LANGUAGE_STANDARD = gnu17;
				GCC_NO_COMMON_BLOCKS = YES;
				GCC_WARN_64_TO_32_BIT_CONVERSION = YES;
				GCC_WARN_ABOUT_RETURN_TYPE = YES_ERROR;
				GCC_WARN_UNDECLARED_SELECTOR = YES;
				GCC_WARN_UNINITIALIZED_AUTOS = YES_AGGRESSIVE;
				GCC_WARN_UNUSED_FUNCTION = YES;
				GCC_WARN_UNUSED_VARIABLE = YES;
				IPHONEOS_DEPLOYMENT_TARGET = 16.0;
				LOCALIZATION_PREFERS_STRING_CATALOGS = YES;
				MTL_ENABLE_DEBUG_INFO = NO;
				MTL_FAST_MATH = YES;
				SDKROOT = iphoneos;
				SWIFT_COMPILATION_MODE = wholemodule;
				VALIDATE_PRODUCT = YES;
			};
			name = Release;
		};
		19B52AC32B68A57B001E58EF /* Debug */ = {
			isa = XCBuildConfiguration;
			buildSettings = {
				ASSETCATALOG_COMPILER_APPICON_NAME = AppIcon;
				ASSETCATALOG_COMPILER_GLOBAL_ACCENT_COLOR_NAME = AccentColor;
				CODE_SIGN_STYLE = Automatic;
				CURRENT_PROJECT_VERSION = 1;
				DEVELOPMENT_ASSET_PATHS = "\"MusicPlayer/Preview Content\"";
				ENABLE_PREVIEWS = YES;
				GENERATE_INFOPLIST_FILE = YES;
				INFOPLIST_FILE = MusicPlayer/Resources/Info.plist;
				INFOPLIST_KEY_UIApplicationSceneManifest_Generation = YES;
				INFOPLIST_KEY_UIApplicationSupportsIndirectInputEvents = YES;
				INFOPLIST_KEY_UILaunchScreen_Generation = YES;
				INFOPLIST_KEY_UISupportedInterfaceOrientations = UIInterfaceOrientationPortrait;
				INFOPLIST_KEY_UISupportedInterfaceOrientations_iPad = "UIInterfaceOrientationLandscapeLeft UIInterfaceOrientationLandscapeRight UIInterfaceOrientationPortrait UIInterfaceOrientationPortraitUpsideDown";
				IPHONEOS_DEPLOYMENT_TARGET = 16.0;
				LD_RUNPATH_SEARCH_PATHS = (
					"$(inherited)",
					"@executable_path/Frameworks",
				);
				MARKETING_VERSION = 0;
				PRODUCT_BUNDLE_IDENTIFIER = "com.ivankirpichonok-gmail.iOS.MusicPlayer";
				PRODUCT_NAME = "$(TARGET_NAME)";
				SUPPORTED_PLATFORMS = "iphoneos iphonesimulator";
				SUPPORTS_MACCATALYST = NO;
				SUPPORTS_MAC_DESIGNED_FOR_IPHONE_IPAD = NO;
				SWIFT_EMIT_LOC_STRINGS = YES;
				SWIFT_VERSION = 5.0;
				TARGETED_DEVICE_FAMILY = 1;
			};
			name = Debug;
		};
		19B52AC42B68A57B001E58EF /* Release */ = {
			isa = XCBuildConfiguration;
			buildSettings = {
				ASSETCATALOG_COMPILER_APPICON_NAME = AppIcon;
				ASSETCATALOG_COMPILER_GLOBAL_ACCENT_COLOR_NAME = AccentColor;
				CODE_SIGN_STYLE = Automatic;
				CURRENT_PROJECT_VERSION = 1;
				DEVELOPMENT_ASSET_PATHS = "\"MusicPlayer/Preview Content\"";
				ENABLE_PREVIEWS = YES;
				GENERATE_INFOPLIST_FILE = YES;
				INFOPLIST_FILE = MusicPlayer/Resources/Info.plist;
				INFOPLIST_KEY_UIApplicationSceneManifest_Generation = YES;
				INFOPLIST_KEY_UIApplicationSupportsIndirectInputEvents = YES;
				INFOPLIST_KEY_UILaunchScreen_Generation = YES;
				INFOPLIST_KEY_UISupportedInterfaceOrientations = UIInterfaceOrientationPortrait;
				INFOPLIST_KEY_UISupportedInterfaceOrientations_iPad = "UIInterfaceOrientationLandscapeLeft UIInterfaceOrientationLandscapeRight UIInterfaceOrientationPortrait UIInterfaceOrientationPortraitUpsideDown";
				IPHONEOS_DEPLOYMENT_TARGET = 16.0;
				LD_RUNPATH_SEARCH_PATHS = (
					"$(inherited)",
					"@executable_path/Frameworks",
				);
				MARKETING_VERSION = 0;
				PRODUCT_BUNDLE_IDENTIFIER = "com.ivankirpichonok-gmail.iOS.MusicPlayer";
				PRODUCT_NAME = "$(TARGET_NAME)";
				SUPPORTED_PLATFORMS = "iphoneos iphonesimulator";
				SUPPORTS_MACCATALYST = NO;
				SUPPORTS_MAC_DESIGNED_FOR_IPHONE_IPAD = NO;
				SWIFT_EMIT_LOC_STRINGS = YES;
				SWIFT_VERSION = 5.0;
				TARGETED_DEVICE_FAMILY = 1;
			};
			name = Release;
		};
/* End XCBuildConfiguration section */

/* Begin XCConfigurationList section */
		19B52AAF2B68A57A001E58EF /* Build configuration list for PBXProject "MusicPlayer" */ = {
			isa = XCConfigurationList;
			buildConfigurations = (
				19B52AC02B68A57B001E58EF /* Debug */,
				19B52AC12B68A57B001E58EF /* Release */,
			);
			defaultConfigurationIsVisible = 0;
			defaultConfigurationName = Release;
		};
		19B52AC22B68A57B001E58EF /* Build configuration list for PBXNativeTarget "MusicPlayer" */ = {
			isa = XCConfigurationList;
			buildConfigurations = (
				19B52AC32B68A57B001E58EF /* Debug */,
				19B52AC42B68A57B001E58EF /* Release */,
			);
			defaultConfigurationIsVisible = 0;
			defaultConfigurationName = Release;
		};
/* End XCConfigurationList section */
	};
	rootObject = 19B52AAC2B68A57A001E58EF /* Project object */;
}
